// !$*UTF8*$!
{
	archiveVersion = 1;
	classes = {
	};
	objectVersion = 50;
	objects = {

/* Begin PBXBuildFile section */
		30D5931420EB59C800C9491C /* AppDelegate.swift in Sources */ = {isa = PBXBuildFile; fileRef = 30D5931320EB59C800C9491C /* AppDelegate.swift */; };
		30D5931620EB59C800C9491C /* ViewController.swift in Sources */ = {isa = PBXBuildFile; fileRef = 30D5931520EB59C800C9491C /* ViewController.swift */; };
		30D5931920EB59C800C9491C /* Main.storyboard in Resources */ = {isa = PBXBuildFile; fileRef = 30D5931720EB59C800C9491C /* Main.storyboard */; };
		30D5931B20EB59DB00C9491C /* Assets.xcassets in Resources */ = {isa = PBXBuildFile; fileRef = 30D5931A20EB59DB00C9491C /* Assets.xcassets */; };
		30D5931E20EB59DC00C9491C /* LaunchScreen.storyboard in Resources */ = {isa = PBXBuildFile; fileRef = 30D5931C20EB59DC00C9491C /* LaunchScreen.storyboard */; };
		30D5932920EB59DC00C9491C /* MTAppEvaluateUITests.swift in Sources */ = {isa = PBXBuildFile; fileRef = 30D5932820EB59DC00C9491C /* MTAppEvaluateUITests.swift */; };
/* End PBXBuildFile section */

/* Begin PBXContainerItemProxy section */
		30D5932520EB59DC00C9491C /* PBXContainerItemProxy */ = {
			isa = PBXContainerItemProxy;
			containerPortal = 30D5930820EB59C800C9491C /* Project object */;
			proxyType = 1;
			remoteGlobalIDString = 30D5930F20EB59C800C9491C;
			remoteInfo = MTAppEvaluate;
		};
/* End PBXContainerItemProxy section */

/* Begin PBXFileReference section */
		30D5931020EB59C800C9491C /* MTAppEvaluate.app */ = {isa = PBXFileReference; explicitFileType = wrapper.application; includeInIndex = 0; path = MTAppEvaluate.app; sourceTree = BUILT_PRODUCTS_DIR; };
		30D5931320EB59C800C9491C /* AppDelegate.swift */ = {isa = PBXFileReference; lastKnownFileType = sourcecode.swift; path = AppDelegate.swift; sourceTree = "<group>"; };
		30D5931520EB59C800C9491C /* ViewController.swift */ = {isa = PBXFileReference; lastKnownFileType = sourcecode.swift; path = ViewController.swift; sourceTree = "<group>"; };
		30D5931820EB59C800C9491C /* Base */ = {isa = PBXFileReference; lastKnownFileType = file.storyboard; name = Base; path = Base.lproj/Main.storyboard; sourceTree = "<group>"; };
		30D5931A20EB59DB00C9491C /* Assets.xcassets */ = {isa = PBXFileReference; lastKnownFileType = folder.assetcatalog; path = Assets.xcassets; sourceTree = "<group>"; };
		30D5931D20EB59DC00C9491C /* Base */ = {isa = PBXFileReference; lastKnownFileType = file.storyboard; name = Base; path = Base.lproj/LaunchScreen.storyboard; sourceTree = "<group>"; };
		30D5931F20EB59DC00C9491C /* Info.plist */ = {isa = PBXFileReference; lastKnownFileType = text.plist.xml; path = Info.plist; sourceTree = "<group>"; };
		30D5932420EB59DC00C9491C /* MTAppEvaluateUITests.xctest */ = {isa = PBXFileReference; explicitFileType = wrapper.cfbundle; includeInIndex = 0; path = MTAppEvaluateUITests.xctest; sourceTree = BUILT_PRODUCTS_DIR; };
		30D5932820EB59DC00C9491C /* MTAppEvaluateUITests.swift */ = {isa = PBXFileReference; lastKnownFileType = sourcecode.swift; path = MTAppEvaluateUITests.swift; sourceTree = "<group>"; };
		30D5932A20EB59DC00C9491C /* Info.plist */ = {isa = PBXFileReference; lastKnownFileType = text.plist.xml; path = Info.plist; sourceTree = "<group>"; };
/* End PBXFileReference section */

/* Begin PBXFrameworksBuildPhase section */
		30D5930D20EB59C800C9491C /* Frameworks */ = {
			isa = PBXFrameworksBuildPhase;
			buildActionMask = 2147483647;
			files = (
			);
			runOnlyForDeploymentPostprocessing = 0;
		};
		30D5932120EB59DC00C9491C /* Frameworks */ = {
			isa = PBXFrameworksBuildPhase;
			buildActionMask = 2147483647;
			files = (
			);
			runOnlyForDeploymentPostprocessing = 0;
		};
/* End PBXFrameworksBuildPhase section */

/* Begin PBXGroup section */
		30D5930720EB59C800C9491C = {
			isa = PBXGroup;
			children = (
				30D5931220EB59C800C9491C /* MTAppEvaluate */,
				30D5932720EB59DC00C9491C /* MTAppEvaluateUITests */,
				30D5931120EB59C800C9491C /* Products */,
			);
			sourceTree = "<group>";
		};
		30D5931120EB59C800C9491C /* Products */ = {
			isa = PBXGroup;
			children = (
				30D5931020EB59C800C9491C /* MTAppEvaluate.app */,
				30D5932420EB59DC00C9491C /* MTAppEvaluateUITests.xctest */,
			);
			name = Products;
			sourceTree = "<group>";
		};
		30D5931220EB59C800C9491C /* MTAppEvaluate */ = {
			isa = PBXGroup;
			children = (
				30D5931320EB59C800C9491C /* AppDelegate.swift */,
				30D5931520EB59C800C9491C /* ViewController.swift */,
				30D5931720EB59C800C9491C /* Main.storyboard */,
				30D5931A20EB59DB00C9491C /* Assets.xcassets */,
				30D5931C20EB59DC00C9491C /* LaunchScreen.storyboard */,
				30D5931F20EB59DC00C9491C /* Info.plist */,
			);
			path = MTAppEvaluate;
			sourceTree = "<group>";
		};
		30D5932720EB59DC00C9491C /* MTAppEvaluateUITests */ = {
			isa = PBXGroup;
			children = (
				30D5932820EB59DC00C9491C /* MTAppEvaluateUITests.swift */,
				30D5932A20EB59DC00C9491C /* Info.plist */,
			);
			path = MTAppEvaluateUITests;
			sourceTree = "<group>";
		};
/* End PBXGroup section */

/* Begin PBXNativeTarget section */
		30D5930F20EB59C800C9491C /* MTAppEvaluate */ = {
			isa = PBXNativeTarget;
			buildConfigurationList = 30D5932D20EB59DC00C9491C /* Build configuration list for PBXNativeTarget "MTAppEvaluate" */;
			buildPhases = (
				30D5930C20EB59C800C9491C /* Sources */,
				30D5930D20EB59C800C9491C /* Frameworks */,
				30D5930E20EB59C800C9491C /* Resources */,
			);
			buildRules = (
			);
			dependencies = (
			);
			name = MTAppEvaluate;
			productName = MTAppEvaluate;
			productReference = 30D5931020EB59C800C9491C /* MTAppEvaluate.app */;
			productType = "com.apple.product-type.application";
		};
		30D5932320EB59DC00C9491C /* MTAppEvaluateUITests */ = {
			isa = PBXNativeTarget;
			buildConfigurationList = 30D5933020EB59DC00C9491C /* Build configuration list for PBXNativeTarget "MTAppEvaluateUITests" */;
			buildPhases = (
				30D5932020EB59DC00C9491C /* Sources */,
				30D5932120EB59DC00C9491C /* Frameworks */,
				30D5932220EB59DC00C9491C /* Resources */,
			);
			buildRules = (
			);
			dependencies = (
				30D5932620EB59DC00C9491C /* PBXTargetDependency */,
			);
			name = MTAppEvaluateUITests;
			productName = MTAppEvaluateUITests;
			productReference = 30D5932420EB59DC00C9491C /* MTAppEvaluateUITests.xctest */;
			productType = "com.apple.product-type.bundle.ui-testing";
		};
/* End PBXNativeTarget section */

/* Begin PBXProject section */
		30D5930820EB59C800C9491C /* Project object */ = {
			isa = PBXProject;
			attributes = {
				LastSwiftUpdateCheck = 0940;
				LastUpgradeCheck = 0940;
				ORGANIZATIONNAME = ManThirty;
				TargetAttributes = {
					30D5930F20EB59C800C9491C = {
						CreatedOnToolsVersion = 9.4;
					};
					30D5932320EB59DC00C9491C = {
						CreatedOnToolsVersion = 9.4;
						TestTargetID = 30D5930F20EB59C800C9491C;
					};
				};
			};
			buildConfigurationList = 30D5930B20EB59C800C9491C /* Build configuration list for PBXProject "MTAppEvaluate" */;
			compatibilityVersion = "Xcode 9.3";
			developmentRegion = en;
			hasScannedForEncodings = 0;
			knownRegions = (
				en,
				Base,
			);
			mainGroup = 30D5930720EB59C800C9491C;
			productRefGroup = 30D5931120EB59C800C9491C /* Products */;
			projectDirPath = "";
			projectRoot = "";
			targets = (
				30D5930F20EB59C800C9491C /* MTAppEvaluate */,
				30D5932320EB59DC00C9491C /* MTAppEvaluateUITests */,
			);
		};
/* End PBXProject section */

/* Begin PBXResourcesBuildPhase section */
		30D5930E20EB59C800C9491C /* Resources */ = {
			isa = PBXResourcesBuildPhase;
			buildActionMask = 2147483647;
			files = (
				30D5931E20EB59DC00C9491C /* LaunchScreen.storyboard in Resources */,
				30D5931B20EB59DB00C9491C /* Assets.xcassets in Resources */,
				30D5931920EB59C800C9491C /* Main.storyboard in Resources */,
			);
			runOnlyForDeploymentPostprocessing = 0;
		};
		30D5932220EB59DC00C9491C /* Resources */ = {
			isa = PBXResourcesBuildPhase;
			buildActionMask = 2147483647;
			files = (
			);
			runOnlyForDeploymentPostprocessing = 0;
		};
/* End PBXResourcesBuildPhase section */

/* Begin PBXSourcesBuildPhase section */
		30D5930C20EB59C800C9491C /* Sources */ = {
			isa = PBXSourcesBuildPhase;
			buildActionMask = 2147483647;
			files = (
				30D5931620EB59C800C9491C /* ViewController.swift in Sources */,
				30D5931420EB59C800C9491C /* AppDelegate.swift in Sources */,
			);
			runOnlyForDeploymentPostprocessing = 0;
		};
		30D5932020EB59DC00C9491C /* Sources */ = {
			isa = PBXSourcesBuildPhase;
			buildActionMask = 2147483647;
			files = (
				30D5932920EB59DC00C9491C /* MTAppEvaluateUITests.swift in Sources */,
			);
			runOnlyForDeploymentPostprocessing = 0;
		};
/* End PBXSourcesBuildPhase section */

/* Begin PBXTargetDependency section */
		30D5932620EB59DC00C9491C /* PBXTargetDependency */ = {
			isa = PBXTargetDependency;
			target = 30D5930F20EB59C800C9491C /* MTAppEvaluate */;
			targetProxy = 30D5932520EB59DC00C9491C /* PBXContainerItemProxy */;
		};
/* End PBXTargetDependency section */

/* Begin PBXVariantGroup section */
		30D5931720EB59C800C9491C /* Main.storyboard */ = {
			isa = PBXVariantGroup;
			children = (
				30D5931820EB59C800C9491C /* Base */,
			);
			name = Main.storyboard;
			sourceTree = "<group>";
		};
		30D5931C20EB59DC00C9491C /* LaunchScreen.storyboard */ = {
			isa = PBXVariantGroup;
			children = (
				30D5931D20EB59DC00C9491C /* Base */,
			);
			name = LaunchScreen.storyboard;
			sourceTree = "<group>";
		};
/* End PBXVariantGroup section */

/* Begin XCBuildConfiguration section */
		30D5932B20EB59DC00C9491C /* Debug */ = {
			isa = XCBuildConfiguration;
			buildSettings = {
				ALWAYS_SEARCH_USER_PATHS = NO;
				CLANG_ANALYZER_NONNULL = YES;
				CLANG_ANALYZER_NUMBER_OBJECT_CONVERSION = YES_AGGRESSIVE;
				CLANG_CXX_LANGUAGE_STANDARD = "gnu++14";
				CLANG_CXX_LIBRARY = "libc++";
				CLANG_ENABLE_MODULES = YES;
				CLANG_ENABLE_OBJC_ARC = YES;
				CLANG_ENABLE_OBJC_WEAK = YES;
				CLANG_WARN_BLOCK_CAPTURE_AUTORELEASING = YES;
				CLANG_WARN_BOOL_CONVERSION = YES;
				CLANG_WARN_COMMA = YES;
				CLANG_WARN_CONSTANT_CONVERSION = YES;
				CLANG_WARN_DEPRECATED_OBJC_IMPLEMENTATIONS = YES;
				CLANG_WARN_DIRECT_OBJC_ISA_USAGE = YES_ERROR;
				CLANG_WARN_DOCUMENTATION_COMMENTS = YES;
				CLANG_WARN_EMPTY_BODY = YES;
				CLANG_WARN_ENUM_CONVERSION = YES;
				CLANG_WARN_INFINITE_RECURSION = YES;
				CLANG_WARN_INT_CONVERSION = YES;
				CLANG_WARN_NON_LITERAL_NULL_CONVERSION = YES;
				CLANG_WARN_OBJC_IMPLICIT_RETAIN_SELF = YES;
				CLANG_WARN_OBJC_LITERAL_CONVERSION = YES;
				CLANG_WARN_OBJC_ROOT_CLASS = YES_ERROR;
				CLANG_WARN_RANGE_LOOP_ANALYSIS = YES;
				CLANG_WARN_STRICT_PROTOTYPES = YES;
				CLANG_WARN_SUSPICIOUS_MOVE = YES;
				CLANG_WARN_UNGUARDED_AVAILABILITY = YES_AGGRESSIVE;
				CLANG_WARN_UNREACHABLE_CODE = YES;
				CLANG_WARN__DUPLICATE_METHOD_MATCH = YES;
				CODE_SIGN_IDENTITY = "iPhone Developer";
				COPY_PHASE_STRIP = NO;
				DEBUG_INFORMATION_FORMAT = dwarf;
				ENABLE_STRICT_OBJC_MSGSEND = YES;
				ENABLE_TESTABILITY = YES;
				GCC_C_LANGUAGE_STANDARD = gnu11;
				GCC_DYNAMIC_NO_PIC = NO;
				GCC_NO_COMMON_BLOCKS = YES;
				GCC_OPTIMIZATION_LEVEL = 0;
				GCC_PREPROCESSOR_DEFINITIONS = (
					"DEBUG=1",
					"$(inherited)",
				);
				GCC_WARN_64_TO_32_BIT_CONVERSION = YES;
				GCC_WARN_ABOUT_RETURN_TYPE = YES_ERROR;
				GCC_WARN_UNDECLARED_SELECTOR = YES;
				GCC_WARN_UNINITIALIZED_AUTOS = YES_AGGRESSIVE;
				GCC_WARN_UNUSED_FUNCTION = YES;
				GCC_WARN_UNUSED_VARIABLE = YES;
				IPHONEOS_DEPLOYMENT_TARGET = 11.4;
				MTL_ENABLE_DEBUG_INFO = YES;
				ONLY_ACTIVE_ARCH = YES;
				SDKROOT = iphoneos;
				SWIFT_ACTIVE_COMPILATION_CONDITIONS = DEBUG;
				SWIFT_OPTIMIZATION_LEVEL = "-Onone";
			};
			name = Debug;
		};
		30D5932C20EB59DC00C9491C /* Release */ = {
			isa = XCBuildConfiguration;
			buildSettings = {
				ALWAYS_SEARCH_USER_PATHS = NO;
				CLANG_ANALYZER_NONNULL = YES;
				CLANG_ANALYZER_NUMBER_OBJECT_CONVERSION = YES_AGGRESSIVE;
				CLANG_CXX_LANGUAGE_STANDARD = "gnu++14";
				CLANG_CXX_LIBRARY = "libc++";
				CLANG_ENABLE_MODULES = YES;
				CLANG_ENABLE_OBJC_ARC = YES;
				CLANG_ENABLE_OBJC_WEAK = YES;
				CLANG_WARN_BLOCK_CAPTURE_AUTORELEASING = YES;
				CLANG_WARN_BOOL_CONVERSION = YES;
				CLANG_WARN_COMMA = YES;
				CLANG_WARN_CONSTANT_CONVERSION = YES;
				CLANG_WARN_DEPRECATED_OBJC_IMPLEMENTATIONS = YES;
				CLANG_WARN_DIRECT_OBJC_ISA_USAGE = YES_ERROR;
				CLANG_WARN_DOCUMENTATION_COMMENTS = YES;
				CLANG_WARN_EMPTY_BODY = YES;
				CLANG_WARN_ENUM_CONVERSION = YES;
				CLANG_WARN_INFINITE_RECURSION = YES;
				CLANG_WARN_INT_CONVERSION = YES;
				CLANG_WARN_NON_LITERAL_NULL_CONVERSION = YES;
				CLANG_WARN_OBJC_IMPLICIT_RETAIN_SELF = YES;
				CLANG_WARN_OBJC_LITERAL_CONVERSION = YES;
				CLANG_WARN_OBJC_ROOT_CLASS = YES_ERROR;
				CLANG_WARN_RANGE_LOOP_ANALYSIS = YES;
				CLANG_WARN_STRICT_PROTOTYPES = YES;
				CLANG_WARN_SUSPICIOUS_MOVE = YES;
				CLANG_WARN_UNGUARDED_AVAILABILITY = YES_AGGRESSIVE;
				CLANG_WARN_UNREACHABLE_CODE = YES;
				CLANG_WARN__DUPLICATE_METHOD_MATCH = YES;
				CODE_SIGN_IDENTITY = "iPhone Developer";
				COPY_PHASE_STRIP = NO;
				DEBUG_INFORMATION_FORMAT = "dwarf-with-dsym";
				ENABLE_NS_ASSERTIONS = NO;
				ENABLE_STRICT_OBJC_MSGSEND = YES;
				GCC_C_LANGUAGE_STANDARD = gnu11;
				GCC_NO_COMMON_BLOCKS = YES;
				GCC_WARN_64_TO_32_BIT_CONVERSION = YES;
				GCC_WARN_ABOUT_RETURN_TYPE = YES_ERROR;
				GCC_WARN_UNDECLARED_SELECTOR = YES;
				GCC_WARN_UNINITIALIZED_AUTOS = YES_AGGRESSIVE;
				GCC_WARN_UNUSED_FUNCTION = YES;
				GCC_WARN_UNUSED_VARIABLE = YES;
				IPHONEOS_DEPLOYMENT_TARGET = 11.4;
				MTL_ENABLE_DEBUG_INFO = NO;
				SDKROOT = iphoneos;
				SWIFT_COMPILATION_MODE = wholemodule;
				SWIFT_OPTIMIZATION_LEVEL = "-O";
				VALIDATE_PRODUCT = YES;
			};
			name = Release;
		};
		30D5932E20EB59DC00C9491C /* Debug */ = {
			isa = XCBuildConfiguration;
			buildSettings = {
				ASSETCATALOG_COMPILER_APPICON_NAME = AppIcon;
				CODE_SIGN_STYLE = Automatic;
				DEVELOPMENT_TEAM = 82XGZDMK99;
				INFOPLIST_FILE = MTAppEvaluate/Info.plist;
				LD_RUNPATH_SEARCH_PATHS = (
					"$(inherited)",
					"@executable_path/Frameworks",
				);
				PRODUCT_BUNDLE_IDENTIFIER = com.manthirty.www;
				PRODUCT_NAME = "$(TARGET_NAME)";
				SWIFT_VERSION = 4.0;
				TARGETED_DEVICE_FAMILY = "1,2";
			};
			name = Debug;
		};
		30D5932F20EB59DC00C9491C /* Release */ = {
			isa = XCBuildConfiguration;
			buildSettings = {
				ASSETCATALOG_COMPILER_APPICON_NAME = AppIcon;
				CODE_SIGN_STYLE = Automatic;
				DEVELOPMENT_TEAM = 82XGZDMK99;
				INFOPLIST_FILE = MTAppEvaluate/Info.plist;
				LD_RUNPATH_SEARCH_PATHS = (
					"$(inherited)",
					"@executable_path/Frameworks",
				);
				PRODUCT_BUNDLE_IDENTIFIER = com.manthirty.www;
				PRODUCT_NAME = "$(TARGET_NAME)";
				SWIFT_VERSION = 4.0;
				TARGETED_DEVICE_FAMILY = "1,2";
			};
			name = Release;
		};
		30D5933120EB59DC00C9491C /* Debug */ = {
			isa = XCBuildConfiguration;
			buildSettings = {
				ALWAYS_EMBED_SWIFT_STANDARD_LIBRARIES = YES;
				CODE_SIGN_STYLE = Automatic;
				DEVELOPMENT_TEAM = 82XGZDMK99;
				INFOPLIST_FILE = MTAppEvaluateUITests/Info.plist;
				LD_RUNPATH_SEARCH_PATHS = (
					"$(inherited)",
					"@executable_path/Frameworks",
					"@loader_path/Frameworks",
				);
				PRODUCT_BUNDLE_IDENTIFIER = com.manthirty.www.MTAppEvaluateUITests;
				PRODUCT_NAME = "$(TARGET_NAME)";
				SWIFT_VERSION = 4.0;
				TARGETED_DEVICE_FAMILY = "1,2";
				TEST_TARGET_NAME = MTAppEvaluate;
			};
			name = Debug;
		};
		30D5933220EB59DC00C9491C /* Release */ = {
			isa = XCBuildConfiguration;
			buildSettings = {
				ALWAYS_EMBED_SWIFT_STANDARD_LIBRARIES = YES;
				CODE_SIGN_STYLE = Automatic;
				DEVELOPMENT_TEAM = 82XGZDMK99;
				INFOPLIST_FILE = MTAppEvaluateUITests/Info.plist;
				LD_RUNPATH_SEARCH_PATHS = (
					"$(inherited)",
					"@executable_path/Frameworks",
					"@loader_path/Frameworks",
				);
				PRODUCT_BUNDLE_IDENTIFIER = com.manthirty.www.MTAppEvaluateUITests;
				PRODUCT_NAME = "$(TARGET_NAME)";
				SWIFT_VERSION = 4.0;
				TARGETED_DEVICE_FAMILY = "1,2";
				TEST_TARGET_NAME = MTAppEvaluate;
			};
			name = Release;
		};
/* End XCBuildConfiguration section */

/* Begin XCConfigurationList section */
		30D5930B20EB59C800C9491C /* Build configuration list for PBXProject "MTAppEvaluate" */ = {
			isa = XCConfigurationList;
			buildConfigurations = (
				30D5932B20EB59DC00C9491C /* Debug */,
				30D5932C20EB59DC00C9491C /* Release */,
			);
			defaultConfigurationIsVisible = 0;
			defaultConfigurationName = Release;
		};
		30D5932D20EB59DC00C9491C /* Build configuration list for PBXNativeTarget "MTAppEvaluate" */ = {
			isa = XCConfigurationList;
			buildConfigurations = (
				30D5932E20EB59DC00C9491C /* Debug */,
				30D5932F20EB59DC00C9491C /* Release */,
			);
			defaultConfigurationIsVisible = 0;
			defaultConfigurationName = Release;
		};
		30D5933020EB59DC00C9491C /* Build configuration list for PBXNativeTarget "MTAppEvaluateUITests" */ = {
			isa = XCConfigurationList;
			buildConfigurations = (
				30D5933120EB59DC00C9491C /* Debug */,
				30D5933220EB59DC00C9491C /* Release */,
			);
			defaultConfigurationIsVisible = 0;
			defaultConfigurationName = Release;
		};
/* End XCConfigurationList section */
	};
	rootObject = 30D5930820EB59C800C9491C /* Project object */;
}
